
Microsoft Visual Studio Solution File, Format Version 12.00
# Visual Studio Version 17
VisualStudioVersion = 17.4.33213.308
MinimumVisualStudioVersion = 10.0.40219.1
Project("{FAE04EC0-301F-11D3-BF4B-00C04F79EFBC}") = "StraddleApi", "StraddleApi\StraddleApi.csproj", "{F6F9F2CD-FE60-408A-A57A-265BFD593295}"
EndProject
Project("{FAE04EC0-301F-11D3-BF4B-00C04F79EFBC}") = "StraddleCore", "StraddleCore\StraddleCore.csproj", "{8DC0C8C2-9A79-4FF6-AD23-6878152C129D}"
EndProject
Project("{FAE04EC0-301F-11D3-BF4B-00C04F79EFBC}") = "StraddleData", "StraddleData\StraddleData.csproj", "{271415E5-B405-415C-AE77-7FEC33DC72C9}"
EndProject
Project("{FAE04EC0-301F-11D3-BF4B-00C04F79EFBC}") = "StraddleRepository", "StraddleRepository\StraddleRepository.csproj", "{255A7D3E-2272-4FF9-8342-1294AAF815F0}"
EndProject
Project("{FAE04EC0-301F-11D3-BF4B-00C04F79EFBC}") = "StraddleTest", "StraddleTest\StraddleTest.csproj", "{ED903582-531D-43C5-A8C2-77BFF508B7B7}"
EndProject
Global
	GlobalSection(SolutionConfigurationPlatforms) = preSolution
		Debug|Any CPU = Debug|Any CPU
		Release|Any CPU = Release|Any CPU
	EndGlobalSection
	GlobalSection(ProjectConfigurationPlatforms) = postSolution
		{F6F9F2CD-FE60-408A-A57A-265BFD593295}.Debug|Any CPU.ActiveCfg = Debug|Any CPU
		{F6F9F2CD-FE60-408A-A57A-265BFD593295}.Debug|Any CPU.Build.0 = Debug|Any CPU
		{F6F9F2CD-FE60-408A-A57A-265BFD593295}.Release|Any CPU.ActiveCfg = Release|Any CPU
		{F6F9F2CD-FE60-408A-A57A-265BFD593295}.Release|Any CPU.Build.0 = Release|Any CPU
		{8DC0C8C2-9A79-4FF6-AD23-6878152C129D}.Debug|Any CPU.ActiveCfg = Debug|Any CPU
		{8DC0C8C2-9A79-4FF6-AD23-6878152C129D}.Debug|Any CPU.Build.0 = Debug|Any CPU
		{8DC0C8C2-9A79-4FF6-AD23-6878152C129D}.Release|Any CPU.ActiveCfg = Release|Any CPU
		{8DC0C8C2-9A79-4FF6-AD23-6878152C129D}.Release|Any CPU.Build.0 = Release|Any CPU
		{271415E5-B405-415C-AE77-7FEC33DC72C9}.Debug|Any CPU.ActiveCfg = Debug|Any CPU
		{271415E5-B405-415C-AE77-7FEC33DC72C9}.Debug|Any CPU.Build.0 = Debug|Any CPU
		{271415E5-B405-415C-AE77-7FEC33DC72C9}.Release|Any CPU.ActiveCfg = Release|Any CPU
		{271415E5-B405-415C-AE77-7FEC33DC72C9}.Release|Any CPU.Build.0 = Release|Any CPU
		{255A7D3E-2272-4FF9-8342-1294AAF815F0}.Debug|Any CPU.ActiveCfg = Debug|Any CPU
		{255A7D3E-2272-4FF9-8342-1294AAF815F0}.Debug|Any CPU.Build.0 = Debug|Any CPU
		{255A7D3E-2272-4FF9-8342-1294AAF815F0}.Release|Any CPU.ActiveCfg = Release|Any CPU
		{255A7D3E-2272-4FF9-8342-1294AAF815F0}.Release|Any CPU.Build.0 = Release|Any CPU
		{ED903582-531D-43C5-A8C2-77BFF508B7B7}.Debug|Any CPU.ActiveCfg = Debug|Any CPU
		{ED903582-531D-43C5-A8C2-77BFF508B7B7}.Debug|Any CPU.Build.0 = Debug|Any CPU
		{ED903582-531D-43C5-A8C2-77BFF508B7B7}.Release|Any CPU.ActiveCfg = Release|Any CPU
		{ED903582-531D-43C5-A8C2-77BFF508B7B7}.Release|Any CPU.Build.0 = Release|Any CPU
	EndGlobalSection
	GlobalSection(SolutionProperties) = preSolution
		HideSolutionNode = FALSE
	EndGlobalSection
	GlobalSection(ExtensibilityGlobals) = postSolution
		SolutionGuid = {88251ACE-04AC-4D79-A8F2-0C45BBC90CDA}
	EndGlobalSection
EndGlobal
